{
  "version": 4,
  "terraform_version": "1.7.5",
  "serial": 18,
  "lineage": "0d57bceb-5356-40ee-ef30-8b0d30cf004c",
  "outputs": {
    "Managed-Nodes": {
      "value": [
        "44.220.146.30",
        "3.80.98.63",
        "54.227.125.117",
        "34.230.5.62"
      ],
      "type": [
        "tuple",
        [
          "string",
          "string",
          "string",
          "string"
        ]
      ]
    }
  },
  "resources": [
    {
      "module": "module.compute",
      "mode": "data",
      "type": "aws_ssm_parameter",
      "name": "webserver-ami",
      "provider": "module.compute.provider[\"registry.terraform.io/hashicorp/aws\"]",
      "instances": [
        {
          "schema_version": 0,
          "attributes": {
            "arn": "arn:aws:ssm:us-east-1::parameter/aws/service/ami-amazon-linux-latest/amzn2-ami-hvm-x86_64-gp2",
            "id": "/aws/service/ami-amazon-linux-latest/amzn2-ami-hvm-x86_64-gp2",
            "name": "/aws/service/ami-amazon-linux-latest/amzn2-ami-hvm-x86_64-gp2",
            "type": "String",
            "value": "ami-0bd01824d64912730",
            "version": 110,
            "with_decryption": true
          },
          "sensitive_attributes": []
        }
      ]
    },
    {
      "module": "module.compute",
      "mode": "managed",
      "type": "aws_instance",
      "name": "managed_node",
      "provider": "module.compute.provider[\"registry.terraform.io/hashicorp/aws\"]",
      "instances": [
        {
          "index_key": 0,
          "schema_version": 1,
          "attributes": {
            "ami": "ami-0bd01824d64912730",
            "arn": "arn:aws:ec2:us-east-1:637423474557:instance/i-0dc39943b844bac1d",
            "associate_public_ip_address": true,
            "availability_zone": "us-east-1a",
            "capacity_reservation_specification": [
              {
                "capacity_reservation_preference": "open",
                "capacity_reservation_target": []
              }
            ],
            "cpu_core_count": 1,
            "cpu_threads_per_core": 1,
            "credit_specification": [
              {
                "cpu_credits": "standard"
              }
            ],
            "disable_api_termination": false,
            "ebs_block_device": [],
            "ebs_optimized": false,
            "enclave_options": [
              {
                "enabled": false
              }
            ],
            "ephemeral_block_device": [],
            "get_password_data": false,
            "hibernation": false,
            "host_id": null,
            "iam_instance_profile": "",
            "id": "i-0dc39943b844bac1d",
            "instance_initiated_shutdown_behavior": "stop",
            "instance_state": "running",
            "instance_type": "t2.micro",
            "ipv6_address_count": 0,
            "ipv6_addresses": [],
            "key_name": "ansible",
            "metadata_options": [
              {
                "http_endpoint": "enabled",
                "http_put_response_hop_limit": 1,
                "http_tokens": "optional"
              }
            ],
            "monitoring": false,
            "network_interface": [],
            "outpost_arn": "",
            "password_data": "",
            "placement_group": "",
            "primary_network_interface_id": "eni-085d2bc908d22d45e",
            "private_dns": "ip-10-0-1-229.ec2.internal",
            "private_ip": "10.0.1.229",
            "public_dns": "ec2-44-220-146-30.compute-1.amazonaws.com",
            "public_ip": "44.220.146.30",
            "root_block_device": [
              {
                "delete_on_termination": true,
                "device_name": "/dev/xvda",
                "encrypted": false,
                "iops": 100,
                "kms_key_id": "",
                "tags": {},
                "throughput": 0,
                "volume_id": "vol-0db9726aa28b989eb",
                "volume_size": 8,
                "volume_type": "gp2"
              }
            ],
            "secondary_private_ips": [],
            "security_groups": [],
            "source_dest_check": true,
            "subnet_id": "subnet-00439cc68dd2d3819",
            "tags": {
              "Name": "host_node_0"
            },
            "tags_all": {
              "Name": "host_node_0"
            },
            "tenancy": "default",
            "timeouts": null,
            "user_data": null,
            "user_data_base64": null,
            "volume_tags": null,
            "vpc_security_group_ids": [
              "sg-0d8b661951c96e929"
            ]
          },
          "sensitive_attributes": [
            [
              {
                "type": "get_attr",
                "value": "ami"
              }
            ]
          ],
          "private": "eyJlMmJmYjczMC1lY2FhLTExZTYtOGY4OC0zNDM2M2JjN2M0YzAiOnsiY3JlYXRlIjo2MDAwMDAwMDAwMDAsImRlbGV0ZSI6MTIwMDAwMDAwMDAwMCwidXBkYXRlIjo2MDAwMDAwMDAwMDB9LCJzY2hlbWFfdmVyc2lvbiI6IjEifQ==",
          "dependencies": [
            "module.compute.aws_key_pair.aws-key",
            "module.compute.data.aws_ssm_parameter.webserver-ami",
            "module.vpc.aws_security_group.ansible_public_sg",
            "module.vpc.aws_subnet.ansible_public_subnet",
            "module.vpc.aws_vpc.ansible_vpc",
            "module.vpc.data.aws_availability_zones.azs"
          ]
        },
        {
          "index_key": 1,
          "schema_version": 1,
          "attributes": {
            "ami": "ami-0bd01824d64912730",
            "arn": "arn:aws:ec2:us-east-1:637423474557:instance/i-091223b4822d31624",
            "associate_public_ip_address": true,
            "availability_zone": "us-east-1a",
            "capacity_reservation_specification": [
              {
                "capacity_reservation_preference": "open",
                "capacity_reservation_target": []
              }
            ],
            "cpu_core_count": 1,
            "cpu_threads_per_core": 1,
            "credit_specification": [
              {
                "cpu_credits": "standard"
              }
            ],
            "disable_api_termination": false,
            "ebs_block_device": [],
            "ebs_optimized": false,
            "enclave_options": [
              {
                "enabled": false
              }
            ],
            "ephemeral_block_device": [],
            "get_password_data": false,
            "hibernation": false,
            "host_id": null,
            "iam_instance_profile": "",
            "id": "i-091223b4822d31624",
            "instance_initiated_shutdown_behavior": "stop",
            "instance_state": "running",
            "instance_type": "t2.micro",
            "ipv6_address_count": 0,
            "ipv6_addresses": [],
            "key_name": "ansible",
            "metadata_options": [
              {
                "http_endpoint": "enabled",
                "http_put_response_hop_limit": 1,
                "http_tokens": "optional"
              }
            ],
            "monitoring": false,
            "network_interface": [],
            "outpost_arn": "",
            "password_data": "",
            "placement_group": "",
            "primary_network_interface_id": "eni-01c8d288e7f2048d0",
            "private_dns": "ip-10-0-1-241.ec2.internal",
            "private_ip": "10.0.1.241",
            "public_dns": "ec2-3-80-98-63.compute-1.amazonaws.com",
            "public_ip": "3.80.98.63",
            "root_block_device": [
              {
                "delete_on_termination": true,
                "device_name": "/dev/xvda",
                "encrypted": false,
                "iops": 100,
                "kms_key_id": "",
                "tags": {},
                "throughput": 0,
                "volume_id": "vol-03c9053a47f0bb030",
                "volume_size": 8,
                "volume_type": "gp2"
              }
            ],
            "secondary_private_ips": [],
            "security_groups": [],
            "source_dest_check": true,
            "subnet_id": "subnet-00439cc68dd2d3819",
            "tags": {
              "Name": "host_node_1"
            },
            "tags_all": {
              "Name": "host_node_1"
            },
            "tenancy": "default",
            "timeouts": null,
            "user_data": null,
            "user_data_base64": null,
            "volume_tags": null,
            "vpc_security_group_ids": [
              "sg-0d8b661951c96e929"
            ]
          },
          "sensitive_attributes": [
            [
              {
                "type": "get_attr",
                "value": "ami"
              }
            ]
          ],
          "private": "eyJlMmJmYjczMC1lY2FhLTExZTYtOGY4OC0zNDM2M2JjN2M0YzAiOnsiY3JlYXRlIjo2MDAwMDAwMDAwMDAsImRlbGV0ZSI6MTIwMDAwMDAwMDAwMCwidXBkYXRlIjo2MDAwMDAwMDAwMDB9LCJzY2hlbWFfdmVyc2lvbiI6IjEifQ==",
          "dependencies": [
            "module.compute.aws_key_pair.aws-key",
            "module.compute.data.aws_ssm_parameter.webserver-ami",
            "module.vpc.aws_security_group.ansible_public_sg",
            "module.vpc.aws_subnet.ansible_public_subnet",
            "module.vpc.aws_vpc.ansible_vpc",
            "module.vpc.data.aws_availability_zones.azs"
          ]
        },
        {
          "index_key": 2,
          "schema_version": 1,
          "attributes": {
            "ami": "ami-0bd01824d64912730",
            "arn": "arn:aws:ec2:us-east-1:637423474557:instance/i-0b623f71f7112fc44",
            "associate_public_ip_address": true,
            "availability_zone": "us-east-1a",
            "capacity_reservation_specification": [
              {
                "capacity_reservation_preference": "open",
                "capacity_reservation_target": []
              }
            ],
            "cpu_core_count": 1,
            "cpu_threads_per_core": 1,
            "credit_specification": [
              {
                "cpu_credits": "standard"
              }
            ],
            "disable_api_termination": false,
            "ebs_block_device": [],
            "ebs_optimized": false,
            "enclave_options": [
              {
                "enabled": false
              }
            ],
            "ephemeral_block_device": [],
            "get_password_data": false,
            "hibernation": false,
            "host_id": null,
            "iam_instance_profile": "",
            "id": "i-0b623f71f7112fc44",
            "instance_initiated_shutdown_behavior": "stop",
            "instance_state": "running",
            "instance_type": "t2.micro",
            "ipv6_address_count": 0,
            "ipv6_addresses": [],
            "key_name": "ansible",
            "metadata_options": [
              {
                "http_endpoint": "enabled",
                "http_put_response_hop_limit": 1,
                "http_tokens": "optional"
              }
            ],
            "monitoring": false,
            "network_interface": [],
            "outpost_arn": "",
            "password_data": "",
            "placement_group": "",
            "primary_network_interface_id": "eni-0b4ea501f8f16cd98",
            "private_dns": "ip-10-0-1-222.ec2.internal",
            "private_ip": "10.0.1.222",
            "public_dns": "ec2-54-227-125-117.compute-1.amazonaws.com",
            "public_ip": "54.227.125.117",
            "root_block_device": [
              {
                "delete_on_termination": true,
                "device_name": "/dev/xvda",
                "encrypted": false,
                "iops": 100,
                "kms_key_id": "",
                "tags": {},
                "throughput": 0,
                "volume_id": "vol-07c05b7eb3629431e",
                "volume_size": 8,
                "volume_type": "gp2"
              }
            ],
            "secondary_private_ips": [],
            "security_groups": [],
            "source_dest_check": true,
            "subnet_id": "subnet-00439cc68dd2d3819",
            "tags": {
              "Name": "host_node_2"
            },
            "tags_all": {
              "Name": "host_node_2"
            },
            "tenancy": "default",
            "timeouts": null,
            "user_data": null,
            "user_data_base64": null,
            "volume_tags": null,
            "vpc_security_group_ids": [
              "sg-0d8b661951c96e929"
            ]
          },
          "sensitive_attributes": [
            [
              {
                "type": "get_attr",
                "value": "ami"
              }
            ]
          ],
          "private": "eyJlMmJmYjczMC1lY2FhLTExZTYtOGY4OC0zNDM2M2JjN2M0YzAiOnsiY3JlYXRlIjo2MDAwMDAwMDAwMDAsImRlbGV0ZSI6MTIwMDAwMDAwMDAwMCwidXBkYXRlIjo2MDAwMDAwMDAwMDB9LCJzY2hlbWFfdmVyc2lvbiI6IjEifQ==",
          "dependencies": [
            "module.compute.aws_key_pair.aws-key",
            "module.compute.data.aws_ssm_parameter.webserver-ami",
            "module.vpc.aws_security_group.ansible_public_sg",
            "module.vpc.aws_subnet.ansible_public_subnet",
            "module.vpc.aws_vpc.ansible_vpc",
            "module.vpc.data.aws_availability_zones.azs"
          ]
        },
        {
          "index_key": 3,
          "schema_version": 1,
          "attributes": {
            "ami": "ami-0bd01824d64912730",
            "arn": "arn:aws:ec2:us-east-1:637423474557:instance/i-0f510b861cdb74ecb",
            "associate_public_ip_address": true,
            "availability_zone": "us-east-1a",
            "capacity_reservation_specification": [
              {
                "capacity_reservation_preference": "open",
                "capacity_reservation_target": []
              }
            ],
            "cpu_core_count": 1,
            "cpu_threads_per_core": 1,
            "credit_specification": [
              {
                "cpu_credits": "standard"
              }
            ],
            "disable_api_termination": false,
            "ebs_block_device": [],
            "ebs_optimized": false,
            "enclave_options": [
              {
                "enabled": false
              }
            ],
            "ephemeral_block_device": [],
            "get_password_data": false,
            "hibernation": false,
            "host_id": null,
            "iam_instance_profile": "",
            "id": "i-0f510b861cdb74ecb",
            "instance_initiated_shutdown_behavior": "stop",
            "instance_state": "running",
            "instance_type": "t2.micro",
            "ipv6_address_count": 0,
            "ipv6_addresses": [],
            "key_name": "ansible",
            "metadata_options": [
              {
                "http_endpoint": "enabled",
                "http_put_response_hop_limit": 1,
                "http_tokens": "optional"
              }
            ],
            "monitoring": false,
            "network_interface": [],
            "outpost_arn": "",
            "password_data": "",
            "placement_group": "",
            "primary_network_interface_id": "eni-0d064f43d4abb8335",
            "private_dns": "ip-10-0-1-18.ec2.internal",
            "private_ip": "10.0.1.18",
            "public_dns": "ec2-34-230-5-62.compute-1.amazonaws.com",
            "public_ip": "34.230.5.62",
            "root_block_device": [
              {
                "delete_on_termination": true,
                "device_name": "/dev/xvda",
                "encrypted": false,
                "iops": 100,
                "kms_key_id": "",
                "tags": {},
                "throughput": 0,
                "volume_id": "vol-0607ac95233b8ac82",
                "volume_size": 8,
                "volume_type": "gp2"
              }
            ],
            "secondary_private_ips": [],
            "security_groups": [],
            "source_dest_check": true,
            "subnet_id": "subnet-00439cc68dd2d3819",
            "tags": {
              "Name": "host_node_3"
            },
            "tags_all": {
              "Name": "host_node_3"
            },
            "tenancy": "default",
            "timeouts": null,
            "user_data": null,
            "user_data_base64": null,
            "volume_tags": null,
            "vpc_security_group_ids": [
              "sg-0d8b661951c96e929"
            ]
          },
          "sensitive_attributes": [
            [
              {
                "type": "get_attr",
                "value": "ami"
              }
            ]
          ],
          "private": "eyJlMmJmYjczMC1lY2FhLTExZTYtOGY4OC0zNDM2M2JjN2M0YzAiOnsiY3JlYXRlIjo2MDAwMDAwMDAwMDAsImRlbGV0ZSI6MTIwMDAwMDAwMDAwMCwidXBkYXRlIjo2MDAwMDAwMDAwMDB9LCJzY2hlbWFfdmVyc2lvbiI6IjEifQ==",
          "dependencies": [
            "module.compute.aws_key_pair.aws-key",
            "module.compute.data.aws_ssm_parameter.webserver-ami",
            "module.vpc.aws_security_group.ansible_public_sg",
            "module.vpc.aws_subnet.ansible_public_subnet",
            "module.vpc.aws_vpc.ansible_vpc",
            "module.vpc.data.aws_availability_zones.azs"
          ]
        }
      ]
    },
    {
      "module": "module.compute",
      "mode": "managed",
      "type": "aws_key_pair",
      "name": "aws-key",
      "provider": "module.compute.provider[\"registry.terraform.io/hashicorp/aws\"]",
      "instances": [
        {
          "schema_version": 1,
          "attributes": {
            "arn": "arn:aws:ec2:us-east-1:637423474557:key-pair/ansible",
            "fingerprint": "52:ad:71:9d:6d:80:61:e3:04:21:54:7f:ef:f3:c1:ec",
            "id": "ansible",
            "key_name": "ansible",
            "key_name_prefix": null,
            "key_pair_id": "key-0414fca2b12e4a137",
            "public_key": "ssh-rsa AAAAB3NzaC1yc2EAAAADAQABAAACAQDQ+hF2NVt0l4BOnDbt3AyyEiIafpbBhtlZ3UXiDCfku9evW+/whAQEyE7ICenYszQiAJecxEtnKHgkDyfPzGTMW5qHFTX0CzcUO6b7OjozxRhqd6iqUM31TAvMUsBu/zTGbIE6DiP4pzuPOLe8UuQODIDrnjBiJrc6dkEJ/v/GBZQCJiPJm/XixEP8ajge56cZQ3zm6QAMY3jUXmS9X9JQRF3sl/RpIjHH7vRKR9v7Zf00bwLu0J5U2QpCH6RRjrp2utJ27RbmX6wOtf2q68sNuYsA/qpT69MZUi78PVqHOHpflKLoFsJ3k0c9zmzI5muhjKzLqXa+7ZXOdN8NyHD+jCbGrUHW1T+eNJGfdIuH1IRi0BlUfd1YQBUI8fB44f1YzpqqfQE7h4c/aEG/I3CMuHj6kEAnzWxMUGATCGgflXnhJ8FvXuSJj2kY7MG9QZPhnF67bmiDQag0nEYOen9ibfBEpIfoT5tdzHl8Acbr8UGhlvp0Z3+xs6UtoXSl9p1vw0KWTZu8yhdQz2EtLQJQaOFcXNmRjAVjfFk4upQ3Zm4MC71ejhAJ0zREPxnFHK/ip9PCvIOGUb1OfSnvEjeqc2PKWDnW1PFSoTPf8MrNn0xspovugv1fqNZtBPfNECulP7C+4yqDGfrsSBWJ200qN6MSH1VZTds5st3aqXaK9w==",
            "tags": null,
            "tags_all": {}
          },
          "sensitive_attributes": [],
          "private": "eyJzY2hlbWFfdmVyc2lvbiI6IjEifQ=="
        }
      ]
    },
    {
      "module": "module.vpc",
      "mode": "data",
      "type": "aws_availability_zones",
      "name": "azs",
      "provider": "module.vpc.provider[\"registry.terraform.io/hashicorp/aws\"]",
      "instances": [
        {
          "schema_version": 0,
          "attributes": {
            "all_availability_zones": null,
            "exclude_names": null,
            "exclude_zone_ids": null,
            "filter": null,
            "group_names": [
              "us-east-1"
            ],
            "id": "us-east-1",
            "names": [
              "us-east-1a",
              "us-east-1b",
              "us-east-1c",
              "us-east-1d",
              "us-east-1e",
              "us-east-1f"
            ],
            "state": "available",
            "zone_ids": [
              "use1-az4",
              "use1-az6",
              "use1-az1",
              "use1-az2",
              "use1-az3",
              "use1-az5"
            ]
          },
          "sensitive_attributes": []
        }
      ]
    },
    {
      "module": "module.vpc",
      "mode": "managed",
      "type": "aws_internet_gateway",
      "name": "ansible_igw",
      "provider": "module.vpc.provider[\"registry.terraform.io/hashicorp/aws\"]",
      "instances": [
        {
          "schema_version": 0,
          "attributes": {
            "arn": "arn:aws:ec2:us-east-1:637423474557:internet-gateway/igw-07645662d172ce449",
            "id": "igw-07645662d172ce449",
            "owner_id": "637423474557",
            "tags": {
              "Name": "Ansible-Sandbox-Gateway"
            },
            "tags_all": {
              "Name": "Ansible-Sandbox-Gateway"
            },
            "vpc_id": "vpc-0fba15e92395b0d75"
          },
          "sensitive_attributes": [],
          "private": "bnVsbA==",
          "dependencies": [
            "module.vpc.aws_vpc.ansible_vpc"
          ]
        }
      ]
    },
    {
      "module": "module.vpc",
      "mode": "managed",
      "type": "aws_route_table",
      "name": "ansible_public_route",
      "provider": "module.vpc.provider[\"registry.terraform.io/hashicorp/aws\"]",
      "instances": [
        {
          "schema_version": 0,
          "attributes": {
            "arn": "arn:aws:ec2:us-east-1:637423474557:route-table/rtb-0b5ce4deda080fa43",
            "id": "rtb-0b5ce4deda080fa43",
            "owner_id": "637423474557",
            "propagating_vgws": [],
            "route": [
              {
                "carrier_gateway_id": "",
                "cidr_block": "0.0.0.0/0",
                "destination_prefix_list_id": "",
                "egress_only_gateway_id": "",
                "gateway_id": "igw-07645662d172ce449",
                "instance_id": "",
                "ipv6_cidr_block": "",
                "local_gateway_id": "",
                "nat_gateway_id": "",
                "network_interface_id": "",
                "transit_gateway_id": "",
                "vpc_endpoint_id": "",
                "vpc_peering_connection_id": ""
              }
            ],
            "tags": {
              "Name": "Ansible-Sandbox-RouteTable"
            },
            "tags_all": {
              "Name": "Ansible-Sandbox-RouteTable"
            },
            "vpc_id": "vpc-0fba15e92395b0d75"
          },
          "sensitive_attributes": [],
          "private": "bnVsbA==",
          "dependencies": [
            "module.vpc.aws_internet_gateway.ansible_igw",
            "module.vpc.aws_vpc.ansible_vpc"
          ]
        }
      ]
    },
    {
      "module": "module.vpc",
      "mode": "managed",
      "type": "aws_route_table_association",
      "name": "ansible_public_assoc",
      "provider": "module.vpc.provider[\"registry.terraform.io/hashicorp/aws\"]",
      "instances": [
        {
          "schema_version": 0,
          "attributes": {
            "gateway_id": null,
            "id": "rtbassoc-0fb3a5b7c85c9a0ee",
            "route_table_id": "rtb-0b5ce4deda080fa43",
            "subnet_id": "subnet-00439cc68dd2d3819"
          },
          "sensitive_attributes": [],
          "private": "bnVsbA==",
          "dependencies": [
            "module.vpc.aws_internet_gateway.ansible_igw",
            "module.vpc.aws_route_table.ansible_public_route",
            "module.vpc.aws_subnet.ansible_public_subnet",
            "module.vpc.aws_vpc.ansible_vpc",
            "module.vpc.data.aws_availability_zones.azs"
          ]
        }
      ]
    },
    {
      "module": "module.vpc",
      "mode": "managed",
      "type": "aws_security_group",
      "name": "ansible_public_sg",
      "provider": "module.vpc.provider[\"registry.terraform.io/hashicorp/aws\"]",
      "instances": [
        {
          "schema_version": 1,
          "attributes": {
            "arn": "arn:aws:ec2:us-east-1:637423474557:security-group/sg-0d8b661951c96e929",
            "description": "Used for access to the public instances",
            "egress": [
              {
                "cidr_blocks": [
                  "0.0.0.0/0"
                ],
                "description": "",
                "from_port": 0,
                "ipv6_cidr_blocks": [],
                "prefix_list_ids": [],
                "protocol": "-1",
                "security_groups": [],
                "self": false,
                "to_port": 0
              }
            ],
            "id": "sg-0d8b661951c96e929",
            "ingress": [
              {
                "cidr_blocks": [
                  "0.0.0.0/0"
                ],
                "description": "Allow SSH traffic",
                "from_port": 22,
                "ipv6_cidr_blocks": [],
                "prefix_list_ids": [],
                "protocol": "tcp",
                "security_groups": [],
                "self": false,
                "to_port": 22
              },
              {
                "cidr_blocks": [
                  "0.0.0.0/0"
                ],
                "description": "allow traffic from TCP/1233",
                "from_port": 1233,
                "ipv6_cidr_blocks": [],
                "prefix_list_ids": [],
                "protocol": "tcp",
                "security_groups": [],
                "self": false,
                "to_port": 1233
              },
              {
                "cidr_blocks": [
                  "0.0.0.0/0"
                ],
                "description": "allow traffic from TCP/80",
                "from_port": 80,
                "ipv6_cidr_blocks": [],
                "prefix_list_ids": [],
                "protocol": "tcp",
                "security_groups": [],
                "self": false,
                "to_port": 80
              },
              {
                "cidr_blocks": [
                  "0.0.0.0/0"
                ],
                "description": "allow traffic from TCP/8080",
                "from_port": 8080,
                "ipv6_cidr_blocks": [],
                "prefix_list_ids": [],
                "protocol": "tcp",
                "security_groups": [],
                "self": false,
                "to_port": 8080
              }
            ],
            "name": "ansible_public_sg",
            "name_prefix": "",
            "owner_id": "637423474557",
            "revoke_rules_on_delete": false,
            "tags": {
              "Name": "Ansible-SecurityGroup"
            },
            "tags_all": {
              "Name": "Ansible-SecurityGroup"
            },
            "timeouts": null,
            "vpc_id": "vpc-0fba15e92395b0d75"
          },
          "sensitive_attributes": [],
          "private": "eyJlMmJmYjczMC1lY2FhLTExZTYtOGY4OC0zNDM2M2JjN2M0YzAiOnsiY3JlYXRlIjo2MDAwMDAwMDAwMDAsImRlbGV0ZSI6OTAwMDAwMDAwMDAwfSwic2NoZW1hX3ZlcnNpb24iOiIxIn0=",
          "dependencies": [
            "module.vpc.aws_vpc.ansible_vpc"
          ]
        }
      ]
    },
    {
      "module": "module.vpc",
      "mode": "managed",
      "type": "aws_subnet",
      "name": "ansible_public_subnet",
      "provider": "module.vpc.provider[\"registry.terraform.io/hashicorp/aws\"]",
      "instances": [
        {
          "schema_version": 1,
          "attributes": {
            "arn": "arn:aws:ec2:us-east-1:637423474557:subnet/subnet-00439cc68dd2d3819",
            "assign_ipv6_address_on_creation": false,
            "availability_zone": "us-east-1a",
            "availability_zone_id": "use1-az4",
            "cidr_block": "10.0.1.0/24",
            "customer_owned_ipv4_pool": "",
            "id": "subnet-00439cc68dd2d3819",
            "ipv6_cidr_block": "",
            "ipv6_cidr_block_association_id": "",
            "map_customer_owned_ip_on_launch": false,
            "map_public_ip_on_launch": false,
            "outpost_arn": "",
            "owner_id": "637423474557",
            "tags": {
              "Name": "Ansible-Sandbox-Subnet"
            },
            "tags_all": {
              "Name": "Ansible-Sandbox-Subnet"
            },
            "timeouts": null,
            "vpc_id": "vpc-0fba15e92395b0d75"
          },
          "sensitive_attributes": [],
          "private": "eyJlMmJmYjczMC1lY2FhLTExZTYtOGY4OC0zNDM2M2JjN2M0YzAiOnsiY3JlYXRlIjo2MDAwMDAwMDAwMDAsImRlbGV0ZSI6MTIwMDAwMDAwMDAwMH0sInNjaGVtYV92ZXJzaW9uIjoiMSJ9",
          "dependencies": [
            "module.vpc.aws_vpc.ansible_vpc",
            "module.vpc.data.aws_availability_zones.azs"
          ]
        }
      ]
    },
    {
      "module": "module.vpc",
      "mode": "managed",
      "type": "aws_vpc",
      "name": "ansible_vpc",
      "provider": "module.vpc.provider[\"registry.terraform.io/hashicorp/aws\"]",
      "instances": [
        {
          "schema_version": 1,
          "attributes": {
            "arn": "arn:aws:ec2:us-east-1:637423474557:vpc/vpc-0fba15e92395b0d75",
            "assign_generated_ipv6_cidr_block": false,
            "cidr_block": "10.0.0.0/16",
            "default_network_acl_id": "acl-0155180e1cac18e99",
            "default_route_table_id": "rtb-04108ddf22d7a856a",
            "default_security_group_id": "sg-09abbb5a4ef99c25c",
            "dhcp_options_id": "dopt-0d034d7583fd1174b",
            "enable_classiclink": false,
            "enable_classiclink_dns_support": false,
            "enable_dns_hostnames": true,
            "enable_dns_support": true,
            "id": "vpc-0fba15e92395b0d75",
            "instance_tenancy": "default",
            "ipv6_association_id": "",
            "ipv6_cidr_block": "",
            "main_route_table_id": "rtb-04108ddf22d7a856a",
            "owner_id": "637423474557",
            "tags": {
              "Name": "Terraform-VPC"
            },
            "tags_all": {
              "Name": "Terraform-VPC"
            }
          },
          "sensitive_attributes": [],
          "private": "eyJzY2hlbWFfdmVyc2lvbiI6IjEifQ=="
        }
      ]
    }
  ],
  "check_results": null
}
